
Microsoft Visual Studio Solution File, Format Version 12.00
# Visual Studio Version 16
VisualStudioVersion = 16.0.31729.503
MinimumVisualStudioVersion = 10.0.40219.1
Project("{9A19103F-16F7-4668-BE54-9A1E7A4F7556}") = "Temperatures Web API", "Temperatures Web API\Temperatures Web API.csproj", "{B898E77A-ECEE-47B2-A81F-1348FC7C9F49}"
EndProject
Project("{9A19103F-16F7-4668-BE54-9A1E7A4F7556}") = "TemperatureLibrary", "..\TestTemperature\TemperatureLibrary\TemperatureLibrary.csproj", "{C29FDFF6-74FF-4173-ABDC-28F92751B0FF}"
EndProject
Global
	GlobalSection(SolutionConfigurationPlatforms) = preSolution
		Debug|Any CPU = Debug|Any CPU
		Release|Any CPU = Release|Any CPU
	EndGlobalSection
	GlobalSection(ProjectConfigurationPlatforms) = postSolution
		{B898E77A-ECEE-47B2-A81F-1348FC7C9F49}.Debug|Any CPU.ActiveCfg = Debug|Any CPU
		{B898E77A-ECEE-47B2-A81F-1348FC7C9F49}.Debug|Any CPU.Build.0 = Debug|Any CPU
		{B898E77A-ECEE-47B2-A81F-1348FC7C9F49}.Release|Any CPU.ActiveCfg = Release|Any CPU
		{B898E77A-ECEE-47B2-A81F-1348FC7C9F49}.Release|Any CPU.Build.0 = Release|Any CPU
		{C29FDFF6-74FF-4173-ABDC-28F92751B0FF}.Debug|Any CPU.ActiveCfg = Debug|Any CPU
		{C29FDFF6-74FF-4173-ABDC-28F92751B0FF}.Debug|Any CPU.Build.0 = Debug|Any CPU
		{C29FDFF6-74FF-4173-ABDC-28F92751B0FF}.Release|Any CPU.ActiveCfg = Release|Any CPU
		{C29FDFF6-74FF-4173-ABDC-28F92751B0FF}.Release|Any CPU.Build.0 = Release|Any CPU
	EndGlobalSection
	GlobalSection(SolutionProperties) = preSolution
		HideSolutionNode = FALSE
	EndGlobalSection
	GlobalSection(ExtensibilityGlobals) = postSolution
		SolutionGuid = {AECD6275-1329-4DEA-A492-B5DD50EAAE7B}
	EndGlobalSection
EndGlobal
